// !$*UTF8*$!
{
	archiveVersion = 1;
	classes = {
	};
	objectVersion = 56;
	objects = {

/* Begin PBXBuildFile section */
		B685116A2CAB40EE0063676A /* AppDelegate.swift in Sources */ = {isa = PBXBuildFile; fileRef = B68511692CAB40EE0063676A /* AppDelegate.swift */; };
		B685116C2CAB40EE0063676A /* SceneDelegate.swift in Sources */ = {isa = PBXBuildFile; fileRef = B685116B2CAB40EE0063676A /* SceneDelegate.swift */; };
		B685116E2CAB40EE0063676A /* BaseViewController.swift in Sources */ = {isa = PBXBuildFile; fileRef = B685116D2CAB40EE0063676A /* BaseViewController.swift */; };
		B68511742CAB40EE0063676A /* Hello_Chat_Application.xcdatamodeld in Sources */ = {isa = PBXBuildFile; fileRef = B68511722CAB40EE0063676A /* Hello_Chat_Application.xcdatamodeld */; };
		B68511762CAB40F40063676A /* Assets.xcassets in Resources */ = {isa = PBXBuildFile; fileRef = B68511752CAB40F40063676A /* Assets.xcassets */; };
		B68511792CAB40F40063676A /* LaunchScreen.storyboard in Resources */ = {isa = PBXBuildFile; fileRef = B68511772CAB40F40063676A /* LaunchScreen.storyboard */; };
		B68511842CAB40F50063676A /* Hello_Chat_ApplicationTests.swift in Sources */ = {isa = PBXBuildFile; fileRef = B68511832CAB40F50063676A /* Hello_Chat_ApplicationTests.swift */; };
		B685118E2CAB40F50063676A /* Hello_Chat_ApplicationUITests.swift in Sources */ = {isa = PBXBuildFile; fileRef = B685118D2CAB40F50063676A /* Hello_Chat_ApplicationUITests.swift */; };
		B68511902CAB40F50063676A /* Hello_Chat_ApplicationUITestsLaunchTests.swift in Sources */ = {isa = PBXBuildFile; fileRef = B685118F2CAB40F50063676A /* Hello_Chat_ApplicationUITestsLaunchTests.swift */; };
		B685119F2CAC7DA60063676A /* LoginViewController .swift in Sources */ = {isa = PBXBuildFile; fileRef = B685119E2CAC7DA60063676A /* LoginViewController .swift */; };
		B68511AD2CAD51EC0063676A /* HomeScreenController.swift in Sources */ = {isa = PBXBuildFile; fileRef = B68511AC2CAD51EC0063676A /* HomeScreenController.swift */; };
		B68511B02CADAC950063676A /* Extenstions.swift in Sources */ = {isa = PBXBuildFile; fileRef = B68511AF2CADAC950063676A /* Extenstions.swift */; };
		B68511B22CADB8A80063676A /* User.swift in Sources */ = {isa = PBXBuildFile; fileRef = B68511B12CADB8A80063676A /* User.swift */; };
		B68511B52CADC2A10063676A /* GoogleService-Info.plist in Resources */ = {isa = PBXBuildFile; fileRef = B68511B42CADC2A10063676A /* GoogleService-Info.plist */; };
		B68511B82CADCA090063676A /* FirebaseAuth in Frameworks */ = {isa = PBXBuildFile; productRef = B68511B72CADCA090063676A /* FirebaseAuth */; };
		B68511BA2CADCA090063676A /* FirebaseCrashlytics in Frameworks */ = {isa = PBXBuildFile; productRef = B68511B92CADCA090063676A /* FirebaseCrashlytics */; };
		B68511BC2CADCA090063676A /* FirebaseDatabase in Frameworks */ = {isa = PBXBuildFile; productRef = B68511BB2CADCA090063676A /* FirebaseDatabase */; };
		B68511BE2CADCA090063676A /* FirebaseDatabaseSwift in Frameworks */ = {isa = PBXBuildFile; productRef = B68511BD2CADCA090063676A /* FirebaseDatabaseSwift */; };
		B68511C02CADCA090063676A /* FirebaseFirestore in Frameworks */ = {isa = PBXBuildFile; productRef = B68511BF2CADCA090063676A /* FirebaseFirestore */; };
		B68511C22CADCA090063676A /* FirebaseInAppMessaging-Beta in Frameworks */ = {isa = PBXBuildFile; productRef = B68511C12CADCA090063676A /* FirebaseInAppMessaging-Beta */; };
		B68511C42CADCA090063676A /* FirebaseInAppMessagingSwift-Beta in Frameworks */ = {isa = PBXBuildFile; productRef = B68511C32CADCA090063676A /* FirebaseInAppMessagingSwift-Beta */; };
		B68511C62CADCA090063676A /* FirebaseMessaging in Frameworks */ = {isa = PBXBuildFile; productRef = B68511C52CADCA090063676A /* FirebaseMessaging */; };
		B68511C82CADCA090063676A /* FirebasePerformance in Frameworks */ = {isa = PBXBuildFile; productRef = B68511C72CADCA090063676A /* FirebasePerformance */; };
		B68511CA2CADCA090063676A /* FirebaseStorage in Frameworks */ = {isa = PBXBuildFile; productRef = B68511C92CADCA090063676A /* FirebaseStorage */; };
		B68511CC2CAF2EEB0063676A /* SignUpViewController .swift in Sources */ = {isa = PBXBuildFile; fileRef = B68511CB2CAF2EEA0063676A /* SignUpViewController .swift */; };
		B6D434852CB12423004E4316 /* SignUpDelegate.swift in Sources */ = {isa = PBXBuildFile; fileRef = B6D434842CB12423004E4316 /* SignUpDelegate.swift */; };
		B6D434872CB1722C004E4316 /* FirestoreManager .swift in Sources */ = {isa = PBXBuildFile; fileRef = B6D434862CB1722C004E4316 /* FirestoreManager .swift */; };
		B6D434892CB19D10004E4316 /* Constants.swift in Sources */ = {isa = PBXBuildFile; fileRef = B6D434882CB19D10004E4316 /* Constants.swift */; };
		B6E1136D2CB322C30084D801 /* Main.storyboard in Resources */ = {isa = PBXBuildFile; fileRef = B6E1136C2CB322C30084D801 /* Main.storyboard */; };
		B6E113702CB479790084D801 /* UserInfoCell.swift in Sources */ = {isa = PBXBuildFile; fileRef = B6E1136F2CB479790084D801 /* UserInfoCell.swift */; };
		B6E113722CB5020D0084D801 /* sunset.jpeg in Resources */ = {isa = PBXBuildFile; fileRef = B6E113712CB5020D0084D801 /* sunset.jpeg */; };
		B6E113742CB5741B0084D801 /* UserInfo.swift in Sources */ = {isa = PBXBuildFile; fileRef = B6E113732CB5741B0084D801 /* UserInfo.swift */; };
		B6E113762CB5C34C0084D801 /* GroupChatsViewController.swift in Sources */ = {isa = PBXBuildFile; fileRef = B6E113752CB5C34C0084D801 /* GroupChatsViewController.swift */; };
		B6E113782CB5C39B0084D801 /* CallsViewController .swift in Sources */ = {isa = PBXBuildFile; fileRef = B6E113772CB5C39B0084D801 /* CallsViewController .swift */; };
		B6E1137A2CB5C3B90084D801 /* SettingViewController.swift in Sources */ = {isa = PBXBuildFile; fileRef = B6E113792CB5C3B90084D801 /* SettingViewController.swift */; };
		B6E1137C2CB5C3D60084D801 /* ProfileViewController.swift in Sources */ = {isa = PBXBuildFile; fileRef = B6E1137B2CB5C3D60084D801 /* ProfileViewController.swift */; };
		B6E26AC52CB1C5DE00835172 /* UserDefalutManager .swift in Sources */ = {isa = PBXBuildFile; fileRef = B6E26AC42CB1C5DE00835172 /* UserDefalutManager .swift */; };
/* End PBXBuildFile section */

/* Begin PBXContainerItemProxy section */
		B68511802CAB40F50063676A /* PBXContainerItemProxy */ = {
			isa = PBXContainerItemProxy;
			containerPortal = B685115E2CAB40ED0063676A /* Project object */;
			proxyType = 1;
			remoteGlobalIDString = B68511652CAB40EE0063676A;
			remoteInfo = "Hello Chat Application";
		};
		B685118A2CAB40F50063676A /* PBXContainerItemProxy */ = {
			isa = PBXContainerItemProxy;
			containerPortal = B685115E2CAB40ED0063676A /* Project object */;
			proxyType = 1;
			remoteGlobalIDString = B68511652CAB40EE0063676A;
			remoteInfo = "Hello Chat Application";
		};
/* End PBXContainerItemProxy section */

/* Begin PBXFileReference section */
		B68511662CAB40EE0063676A /* Hello Chat Application.app */ = {isa = PBXFileReference; explicitFileType = wrapper.application; includeInIndex = 0; path = "Hello Chat Application.app"; sourceTree = BUILT_PRODUCTS_DIR; };
		B68511692CAB40EE0063676A /* AppDelegate.swift */ = {isa = PBXFileReference; lastKnownFileType = sourcecode.swift; path = AppDelegate.swift; sourceTree = "<group>"; };
		B685116B2CAB40EE0063676A /* SceneDelegate.swift */ = {isa = PBXFileReference; lastKnownFileType = sourcecode.swift; path = SceneDelegate.swift; sourceTree = "<group>"; };
		B685116D2CAB40EE0063676A /* BaseViewController.swift */ = {isa = PBXFileReference; lastKnownFileType = sourcecode.swift; path = BaseViewController.swift; sourceTree = "<group>"; };
		B68511732CAB40EE0063676A /* Hello_Chat_Application.xcdatamodel */ = {isa = PBXFileReference; lastKnownFileType = wrapper.xcdatamodel; path = Hello_Chat_Application.xcdatamodel; sourceTree = "<group>"; };
		B68511752CAB40F40063676A /* Assets.xcassets */ = {isa = PBXFileReference; lastKnownFileType = folder.assetcatalog; path = Assets.xcassets; sourceTree = "<group>"; };
		B68511782CAB40F40063676A /* Base */ = {isa = PBXFileReference; lastKnownFileType = file.storyboard; name = Base; path = Base.lproj/LaunchScreen.storyboard; sourceTree = "<group>"; };
		B685117A2CAB40F40063676A /* Info.plist */ = {isa = PBXFileReference; lastKnownFileType = text.plist.xml; path = Info.plist; sourceTree = "<group>"; };
		B685117F2CAB40F50063676A /* Hello Chat ApplicationTests.xctest */ = {isa = PBXFileReference; explicitFileType = wrapper.cfbundle; includeInIndex = 0; path = "Hello Chat ApplicationTests.xctest"; sourceTree = BUILT_PRODUCTS_DIR; };
		B68511832CAB40F50063676A /* Hello_Chat_ApplicationTests.swift */ = {isa = PBXFileReference; lastKnownFileType = sourcecode.swift; path = Hello_Chat_ApplicationTests.swift; sourceTree = "<group>"; };
		B68511892CAB40F50063676A /* Hello Chat ApplicationUITests.xctest */ = {isa = PBXFileReference; explicitFileType = wrapper.cfbundle; includeInIndex = 0; path = "Hello Chat ApplicationUITests.xctest"; sourceTree = BUILT_PRODUCTS_DIR; };
		B685118D2CAB40F50063676A /* Hello_Chat_ApplicationUITests.swift */ = {isa = PBXFileReference; lastKnownFileType = sourcecode.swift; path = Hello_Chat_ApplicationUITests.swift; sourceTree = "<group>"; };
		B685118F2CAB40F50063676A /* Hello_Chat_ApplicationUITestsLaunchTests.swift */ = {isa = PBXFileReference; lastKnownFileType = sourcecode.swift; path = Hello_Chat_ApplicationUITestsLaunchTests.swift; sourceTree = "<group>"; };
		B685119E2CAC7DA60063676A /* LoginViewController .swift */ = {isa = PBXFileReference; lastKnownFileType = sourcecode.swift; path = "LoginViewController .swift"; sourceTree = "<group>"; };
		B68511AC2CAD51EC0063676A /* HomeScreenController.swift */ = {isa = PBXFileReference; lastKnownFileType = sourcecode.swift; path = HomeScreenController.swift; sourceTree = "<group>"; };
		B68511AF2CADAC950063676A /* Extenstions.swift */ = {isa = PBXFileReference; lastKnownFileType = sourcecode.swift; path = Extenstions.swift; sourceTree = "<group>"; };
		B68511B12CADB8A80063676A /* User.swift */ = {isa = PBXFileReference; lastKnownFileType = sourcecode.swift; path = User.swift; sourceTree = "<group>"; };
		B68511B42CADC2A10063676A /* GoogleService-Info.plist */ = {isa = PBXFileReference; fileEncoding = 4; lastKnownFileType = text.plist.xml; name = "GoogleService-Info.plist"; path = "../../../Downloads/GoogleService-Info.plist"; sourceTree = "<group>"; };
		B68511CB2CAF2EEA0063676A /* SignUpViewController .swift */ = {isa = PBXFileReference; lastKnownFileType = sourcecode.swift; path = "SignUpViewController .swift"; sourceTree = "<group>"; };
		B6D434842CB12423004E4316 /* SignUpDelegate.swift */ = {isa = PBXFileReference; lastKnownFileType = sourcecode.swift; path = SignUpDelegate.swift; sourceTree = "<group>"; };
		B6D434862CB1722C004E4316 /* FirestoreManager .swift */ = {isa = PBXFileReference; lastKnownFileType = sourcecode.swift; path = "FirestoreManager .swift"; sourceTree = "<group>"; };
		B6D434882CB19D10004E4316 /* Constants.swift */ = {isa = PBXFileReference; lastKnownFileType = sourcecode.swift; path = Constants.swift; sourceTree = "<group>"; };
		B6E1136C2CB322C30084D801 /* Main.storyboard */ = {isa = PBXFileReference; fileEncoding = 4; lastKnownFileType = file.storyboard; name = Main.storyboard; path = ../../../../.Trash/Main.storyboard; sourceTree = "<group>"; };
		B6E1136F2CB479790084D801 /* UserInfoCell.swift */ = {isa = PBXFileReference; lastKnownFileType = sourcecode.swift; path = UserInfoCell.swift; sourceTree = "<group>"; };
		B6E113712CB5020D0084D801 /* sunset.jpeg */ = {isa = PBXFileReference; lastKnownFileType = image.jpeg; name = sunset.jpeg; path = ../../../../Downloads/sunset.jpeg; sourceTree = "<group>"; };
		B6E113732CB5741B0084D801 /* UserInfo.swift */ = {isa = PBXFileReference; lastKnownFileType = sourcecode.swift; path = UserInfo.swift; sourceTree = "<group>"; };
		B6E113752CB5C34C0084D801 /* GroupChatsViewController.swift */ = {isa = PBXFileReference; lastKnownFileType = sourcecode.swift; path = GroupChatsViewController.swift; sourceTree = "<group>"; };
		B6E113772CB5C39B0084D801 /* CallsViewController .swift */ = {isa = PBXFileReference; lastKnownFileType = sourcecode.swift; path = "CallsViewController .swift"; sourceTree = "<group>"; };
		B6E113792CB5C3B90084D801 /* SettingViewController.swift */ = {isa = PBXFileReference; lastKnownFileType = sourcecode.swift; path = SettingViewController.swift; sourceTree = "<group>"; };
		B6E1137B2CB5C3D60084D801 /* ProfileViewController.swift */ = {isa = PBXFileReference; lastKnownFileType = sourcecode.swift; path = ProfileViewController.swift; sourceTree = "<group>"; };
		B6E26AC42CB1C5DE00835172 /* UserDefalutManager .swift */ = {isa = PBXFileReference; lastKnownFileType = sourcecode.swift; path = "UserDefalutManager .swift"; sourceTree = "<group>"; };
/* End PBXFileReference section */

/* Begin PBXFrameworksBuildPhase section */
		B68511632CAB40EE0063676A /* Frameworks */ = {
			isa = PBXFrameworksBuildPhase;
			buildActionMask = 2147483647;
			files = (
				B68511C62CADCA090063676A /* FirebaseMessaging in Frameworks */,
				B68511BE2CADCA090063676A /* FirebaseDatabaseSwift in Frameworks */,
				B68511C82CADCA090063676A /* FirebasePerformance in Frameworks */,
				B68511CA2CADCA090063676A /* FirebaseStorage in Frameworks */,
				B68511BC2CADCA090063676A /* FirebaseDatabase in Frameworks */,
				B68511C42CADCA090063676A /* FirebaseInAppMessagingSwift-Beta in Frameworks */,
				B68511B82CADCA090063676A /* FirebaseAuth in Frameworks */,
				B68511C02CADCA090063676A /* FirebaseFirestore in Frameworks */,
				B68511BA2CADCA090063676A /* FirebaseCrashlytics in Frameworks */,
				B68511C22CADCA090063676A /* FirebaseInAppMessaging-Beta in Frameworks */,
			);
			runOnlyForDeploymentPostprocessing = 0;
		};
		B685117C2CAB40F50063676A /* Frameworks */ = {
			isa = PBXFrameworksBuildPhase;
			buildActionMask = 2147483647;
			files = (
			);
			runOnlyForDeploymentPostprocessing = 0;
		};
		B68511862CAB40F50063676A /* Frameworks */ = {
			isa = PBXFrameworksBuildPhase;
			buildActionMask = 2147483647;
			files = (
			);
			runOnlyForDeploymentPostprocessing = 0;
		};
/* End PBXFrameworksBuildPhase section */

/* Begin PBXGroup section */
		B685115D2CAB40ED0063676A = {
			isa = PBXGroup;
			children = (
				B68511682CAB40EE0063676A /* Hello Chat Application */,
				B68511822CAB40F50063676A /* Hello Chat ApplicationTests */,
				B685118C2CAB40F50063676A /* Hello Chat ApplicationUITests */,
				B68511672CAB40EE0063676A /* Products */,
			);
			sourceTree = "<group>";
		};
		B68511672CAB40EE0063676A /* Products */ = {
			isa = PBXGroup;
			children = (
				B68511662CAB40EE0063676A /* Hello Chat Application.app */,
				B685117F2CAB40F50063676A /* Hello Chat ApplicationTests.xctest */,
				B68511892CAB40F50063676A /* Hello Chat ApplicationUITests.xctest */,
			);
			name = Products;
			sourceTree = "<group>";
		};
		B68511682CAB40EE0063676A /* Hello Chat Application */ = {
			isa = PBXGroup;
			children = (
				B68511A02CAD4E390063676A /* App */,
				B68511A12CAD4EAE0063676A /* Controllers */,
				B6E1136E2CB477D10084D801 /* CustomCells */,
				B68511B42CADC2A10063676A /* GoogleService-Info.plist */,
				B685117A2CAB40F40063676A /* Info.plist */,
				B68511A52CAD4F6D0063676A /* Models */,
				B68511A92CAD4FCC0063676A /* Networking */,
				B68511AB2CAD50230063676A /* Resources */,
				B68511AA2CAD4FDD0063676A /* Utilities */,
				B68511A62CAD4F840063676A /* Views */,
			);
			path = "Hello Chat Application";
			sourceTree = "<group>";
		};
		B68511822CAB40F50063676A /* Hello Chat ApplicationTests */ = {
			isa = PBXGroup;
			children = (
				B68511832CAB40F50063676A /* Hello_Chat_ApplicationTests.swift */,
			);
			path = "Hello Chat ApplicationTests";
			sourceTree = "<group>";
		};
		B685118C2CAB40F50063676A /* Hello Chat ApplicationUITests */ = {
			isa = PBXGroup;
			children = (
				B685118D2CAB40F50063676A /* Hello_Chat_ApplicationUITests.swift */,
				B685118F2CAB40F50063676A /* Hello_Chat_ApplicationUITestsLaunchTests.swift */,
			);
			path = "Hello Chat ApplicationUITests";
			sourceTree = "<group>";
		};
		B68511A02CAD4E390063676A /* App */ = {
			isa = PBXGroup;
			children = (
				B685116B2CAB40EE0063676A /* SceneDelegate.swift */,
				B68511692CAB40EE0063676A /* AppDelegate.swift */,
			);
			path = App;
			sourceTree = "<group>";
		};
		B68511A12CAD4EAE0063676A /* Controllers */ = {
			isa = PBXGroup;
			children = (
				B68511A32CAD4F2C0063676A /* Main Controllers */,
				B68511A22CAD4EC40063676A /* Auth Controllers */,
			);
			path = Controllers;
			sourceTree = "<group>";
		};
		B68511A22CAD4EC40063676A /* Auth Controllers */ = {
			isa = PBXGroup;
			children = (
				B685119E2CAC7DA60063676A /* LoginViewController .swift */,
				B68511CB2CAF2EEA0063676A /* SignUpViewController .swift */,
			);
			path = "Auth Controllers";
			sourceTree = "<group>";
		};
		B68511A32CAD4F2C0063676A /* Main Controllers */ = {
			isa = PBXGroup;
			children = (
				B685116D2CAB40EE0063676A /* BaseViewController.swift */,
				B68511AC2CAD51EC0063676A /* HomeScreenController.swift */,
				B6E113752CB5C34C0084D801 /* GroupChatsViewController.swift */,
				B6E113772CB5C39B0084D801 /* CallsViewController .swift */,
				B6E113792CB5C3B90084D801 /* SettingViewController.swift */,
				B6E1137B2CB5C3D60084D801 /* ProfileViewController.swift */,
			);
			path = "Main Controllers";
			sourceTree = "<group>";
		};
		B68511A52CAD4F6D0063676A /* Models */ = {
			isa = PBXGroup;
			children = (
				B68511722CAB40EE0063676A /* Hello_Chat_Application.xcdatamodeld */,
				B6D434832CB12403004E4316 /* Protocols */,
				B68511B32CADB9290063676A /* Enums */,
				B68511B12CADB8A80063676A /* User.swift */,
				B6D434862CB1722C004E4316 /* FirestoreManager .swift */,
				B6E26AC42CB1C5DE00835172 /* UserDefalutManager .swift */,
				B6E113732CB5741B0084D801 /* UserInfo.swift */,
			);
			path = Models;
			sourceTree = "<group>";
		};
		B68511A62CAD4F840063676A /* Views */ = {
			isa = PBXGroup;
			children = (
				B68511A82CAD4FA50063676A /* CustomViews */,
				B68511A72CAD4F990063676A /* Cells */,
			);
			path = Views;
			sourceTree = "<group>";
		};
		B68511A72CAD4F990063676A /* Cells */ = {
			isa = PBXGroup;
			children = (
			);
			path = Cells;
			sourceTree = "<group>";
		};
		B68511A82CAD4FA50063676A /* CustomViews */ = {
			isa = PBXGroup;
			children = (
			);
			path = CustomViews;
			sourceTree = "<group>";
		};
		B68511A92CAD4FCC0063676A /* Networking */ = {
			isa = PBXGroup;
			children = (
			);
			path = Networking;
			sourceTree = "<group>";
		};
		B68511AA2CAD4FDD0063676A /* Utilities */ = {
			isa = PBXGroup;
			children = (
				B68511AE2CADAC700063676A /* Extenstions */,
				B6D434882CB19D10004E4316 /* Constants.swift */,
			);
			path = Utilities;
			sourceTree = "<group>";
		};
		B68511AB2CAD50230063676A /* Resources */ = {
			isa = PBXGroup;
			children = (
				B6E1136C2CB322C30084D801 /* Main.storyboard */,
				B68511752CAB40F40063676A /* Assets.xcassets */,
				B6E113712CB5020D0084D801 /* sunset.jpeg */,
				B68511772CAB40F40063676A /* LaunchScreen.storyboard */,
			);
			path = Resources;
			sourceTree = "<group>";
		};
		B68511AE2CADAC700063676A /* Extenstions */ = {
			isa = PBXGroup;
			children = (
				B68511AF2CADAC950063676A /* Extenstions.swift */,
			);
			path = Extenstions;
			sourceTree = "<group>";
		};
		B68511B32CADB9290063676A /* Enums */ = {
			isa = PBXGroup;
			children = (
			);
			path = Enums;
			sourceTree = "<group>";
		};
		B6D434832CB12403004E4316 /* Protocols */ = {
			isa = PBXGroup;
			children = (
				B6D434842CB12423004E4316 /* SignUpDelegate.swift */,
			);
			path = Protocols;
			sourceTree = "<group>";
		};
		B6E1136E2CB477D10084D801 /* CustomCells */ = {
			isa = PBXGroup;
			children = (
				B6E1136F2CB479790084D801 /* UserInfoCell.swift */,
			);
			path = CustomCells;
			sourceTree = "<group>";
		};
/* End PBXGroup section */

/* Begin PBXNativeTarget section */
		B68511652CAB40EE0063676A /* Hello Chat Application */ = {
			isa = PBXNativeTarget;
			buildConfigurationList = B68511932CAB40F50063676A /* Build configuration list for PBXNativeTarget "Hello Chat Application" */;
			buildPhases = (
				B68511622CAB40EE0063676A /* Sources */,
				B68511632CAB40EE0063676A /* Frameworks */,
				B68511642CAB40EE0063676A /* Resources */,
			);
			buildRules = (
			);
			dependencies = (
			);
			name = "Hello Chat Application";
			packageProductDependencies = (
				B68511B72CADCA090063676A /* FirebaseAuth */,
				B68511B92CADCA090063676A /* FirebaseCrashlytics */,
				B68511BB2CADCA090063676A /* FirebaseDatabase */,
				B68511BD2CADCA090063676A /* FirebaseDatabaseSwift */,
				B68511BF2CADCA090063676A /* FirebaseFirestore */,
				B68511C12CADCA090063676A /* FirebaseInAppMessaging-Beta */,
				B68511C32CADCA090063676A /* FirebaseInAppMessagingSwift-Beta */,
				B68511C52CADCA090063676A /* FirebaseMessaging */,
				B68511C72CADCA090063676A /* FirebasePerformance */,
				B68511C92CADCA090063676A /* FirebaseStorage */,
			);
			productName = "Hello Chat Application";
			productReference = B68511662CAB40EE0063676A /* Hello Chat Application.app */;
			productType = "com.apple.product-type.application";
		};
		B685117E2CAB40F50063676A /* Hello Chat ApplicationTests */ = {
			isa = PBXNativeTarget;
			buildConfigurationList = B68511962CAB40F50063676A /* Build configuration list for PBXNativeTarget "Hello Chat ApplicationTests" */;
			buildPhases = (
				B685117B2CAB40F50063676A /* Sources */,
				B685117C2CAB40F50063676A /* Frameworks */,
				B685117D2CAB40F50063676A /* Resources */,
			);
			buildRules = (
			);
			dependencies = (
				B68511812CAB40F50063676A /* PBXTargetDependency */,
			);
			name = "Hello Chat ApplicationTests";
			productName = "Hello Chat ApplicationTests";
			productReference = B685117F2CAB40F50063676A /* Hello Chat ApplicationTests.xctest */;
			productType = "com.apple.product-type.bundle.unit-test";
		};
		B68511882CAB40F50063676A /* Hello Chat ApplicationUITests */ = {
			isa = PBXNativeTarget;
			buildConfigurationList = B68511992CAB40F50063676A /* Build configuration list for PBXNativeTarget "Hello Chat ApplicationUITests" */;
			buildPhases = (
				B68511852CAB40F50063676A /* Sources */,
				B68511862CAB40F50063676A /* Frameworks */,
				B68511872CAB40F50063676A /* Resources */,
			);
			buildRules = (
			);
			dependencies = (
				B685118B2CAB40F50063676A /* PBXTargetDependency */,
			);
			name = "Hello Chat ApplicationUITests";
			productName = "Hello Chat ApplicationUITests";
			productReference = B68511892CAB40F50063676A /* Hello Chat ApplicationUITests.xctest */;
			productType = "com.apple.product-type.bundle.ui-testing";
		};
/* End PBXNativeTarget section */

/* Begin PBXProject section */
		B685115E2CAB40ED0063676A /* Project object */ = {
			isa = PBXProject;
			attributes = {
				BuildIndependentTargetsInParallel = 1;
				LastSwiftUpdateCheck = 1420;
				LastUpgradeCheck = 1420;
				TargetAttributes = {
					B68511652CAB40EE0063676A = {
						CreatedOnToolsVersion = 14.2;
					};
					B685117E2CAB40F50063676A = {
						CreatedOnToolsVersion = 14.2;
						TestTargetID = B68511652CAB40EE0063676A;
					};
					B68511882CAB40F50063676A = {
						CreatedOnToolsVersion = 14.2;
						TestTargetID = B68511652CAB40EE0063676A;
					};
				};
			};
			buildConfigurationList = B68511612CAB40ED0063676A /* Build configuration list for PBXProject "Hello Chat Application" */;
			compatibilityVersion = "Xcode 14.0";
			developmentRegion = en;
			hasScannedForEncodings = 0;
			knownRegions = (
				en,
				Base,
			);
			mainGroup = B685115D2CAB40ED0063676A;
			packageReferences = (
				B68511B62CADCA090063676A /* XCRemoteSwiftPackageReference "firebase-ios-sdk" */,
			);
			productRefGroup = B68511672CAB40EE0063676A /* Products */;
			projectDirPath = "";
			projectRoot = "";
			targets = (
				B68511652CAB40EE0063676A /* Hello Chat Application */,
				B685117E2CAB40F50063676A /* Hello Chat ApplicationTests */,
				B68511882CAB40F50063676A /* Hello Chat ApplicationUITests */,
			);
		};
/* End PBXProject section */

/* Begin PBXResourcesBuildPhase section */
		B68511642CAB40EE0063676A /* Resources */ = {
			isa = PBXResourcesBuildPhase;
			buildActionMask = 2147483647;
			files = (
				B6E113722CB5020D0084D801 /* sunset.jpeg in Resources */,
				B68511792CAB40F40063676A /* LaunchScreen.storyboard in Resources */,
				B68511B52CADC2A10063676A /* GoogleService-Info.plist in Resources */,
				B68511762CAB40F40063676A /* Assets.xcassets in Resources */,
				B6E1136D2CB322C30084D801 /* Main.storyboard in Resources */,
			);
			runOnlyForDeploymentPostprocessing = 0;
		};
		B685117D2CAB40F50063676A /* Resources */ = {
			isa = PBXResourcesBuildPhase;
			buildActionMask = 2147483647;
			files = (
			);
			runOnlyForDeploymentPostprocessing = 0;
		};
		B68511872CAB40F50063676A /* Resources */ = {
			isa = PBXResourcesBuildPhase;
			buildActionMask = 2147483647;
			files = (
			);
			runOnlyForDeploymentPostprocessing = 0;
		};
/* End PBXResourcesBuildPhase section */

/* Begin PBXSourcesBuildPhase section */
		B68511622CAB40EE0063676A /* Sources */ = {
			isa = PBXSourcesBuildPhase;
			buildActionMask = 2147483647;
			files = (
				B685116E2CAB40EE0063676A /* BaseViewController.swift in Sources */,
				B68511742CAB40EE0063676A /* Hello_Chat_Application.xcdatamodeld in Sources */,
				B6E113762CB5C34C0084D801 /* GroupChatsViewController.swift in Sources */,
				B68511B02CADAC950063676A /* Extenstions.swift in Sources */,
				B68511AD2CAD51EC0063676A /* HomeScreenController.swift in Sources */,
				B6E1137A2CB5C3B90084D801 /* SettingViewController.swift in Sources */,
				B6D434852CB12423004E4316 /* SignUpDelegate.swift in Sources */,
				B68511B22CADB8A80063676A /* User.swift in Sources */,
				B685116A2CAB40EE0063676A /* AppDelegate.swift in Sources */,
				B6E1137C2CB5C3D60084D801 /* ProfileViewController.swift in Sources */,
				B68511CC2CAF2EEB0063676A /* SignUpViewController .swift in Sources */,
				B6E113702CB479790084D801 /* UserInfoCell.swift in Sources */,
				B685116C2CAB40EE0063676A /* SceneDelegate.swift in Sources */,
				B6D434872CB1722C004E4316 /* FirestoreManager .swift in Sources */,
				B685119F2CAC7DA60063676A /* LoginViewController .swift in Sources */,
				B6E26AC52CB1C5DE00835172 /* UserDefalutManager .swift in Sources */,
				B6E113742CB5741B0084D801 /* UserInfo.swift in Sources */,
				B6E113782CB5C39B0084D801 /* CallsViewController .swift in Sources */,
				B6D434892CB19D10004E4316 /* Constants.swift in Sources */,
			);
			runOnlyForDeploymentPostprocessing = 0;
		};
		B685117B2CAB40F50063676A /* Sources */ = {
			isa = PBXSourcesBuildPhase;
			buildActionMask = 2147483647;
			files = (
				B68511842CAB40F50063676A /* Hello_Chat_ApplicationTests.swift in Sources */,
			);
			runOnlyForDeploymentPostprocessing = 0;
		};
		B68511852CAB40F50063676A /* Sources */ = {
			isa = PBXSourcesBuildPhase;
			buildActionMask = 2147483647;
			files = (
				B68511902CAB40F50063676A /* Hello_Chat_ApplicationUITestsLaunchTests.swift in Sources */,
				B685118E2CAB40F50063676A /* Hello_Chat_ApplicationUITests.swift in Sources */,
			);
			runOnlyForDeploymentPostprocessing = 0;
		};
/* End PBXSourcesBuildPhase section */

/* Begin PBXTargetDependency section */
		B68511812CAB40F50063676A /* PBXTargetDependency */ = {
			isa = PBXTargetDependency;
			target = B68511652CAB40EE0063676A /* Hello Chat Application */;
			targetProxy = B68511802CAB40F50063676A /* PBXContainerItemProxy */;
		};
		B685118B2CAB40F50063676A /* PBXTargetDependency */ = {
			isa = PBXTargetDependency;
			target = B68511652CAB40EE0063676A /* Hello Chat Application */;
			targetProxy = B685118A2CAB40F50063676A /* PBXContainerItemProxy */;
		};
/* End PBXTargetDependency section */

/* Begin PBXVariantGroup section */
		B68511772CAB40F40063676A /* LaunchScreen.storyboard */ = {
			isa = PBXVariantGroup;
			children = (
				B68511782CAB40F40063676A /* Base */,
			);
			name = LaunchScreen.storyboard;
			sourceTree = "<group>";
		};
/* End PBXVariantGroup section */

/* Begin XCBuildConfiguration section */
		B68511912CAB40F50063676A /* Debug */ = {
			isa = XCBuildConfiguration;
			buildSettings = {
				ALWAYS_SEARCH_USER_PATHS = NO;
				CLANG_ANALYZER_NONNULL = YES;
				CLANG_ANALYZER_NUMBER_OBJECT_CONVERSION = YES_AGGRESSIVE;
				CLANG_CXX_LANGUAGE_STANDARD = "gnu++20";
				CLANG_ENABLE_MODULES = YES;
				CLANG_ENABLE_OBJC_ARC = YES;
				CLANG_ENABLE_OBJC_WEAK = YES;
				CLANG_WARN_BLOCK_CAPTURE_AUTORELEASING = YES;
				CLANG_WARN_BOOL_CONVERSION = YES;
				CLANG_WARN_COMMA = YES;
				CLANG_WARN_CONSTANT_CONVERSION = YES;
				CLANG_WARN_DEPRECATED_OBJC_IMPLEMENTATIONS = YES;
				CLANG_WARN_DIRECT_OBJC_ISA_USAGE = YES_ERROR;
				CLANG_WARN_DOCUMENTATION_COMMENTS = YES;
				CLANG_WARN_EMPTY_BODY = YES;
				CLANG_WARN_ENUM_CONVERSION = YES;
				CLANG_WARN_INFINITE_RECURSION = YES;
				CLANG_WARN_INT_CONVERSION = YES;
				CLANG_WARN_NON_LITERAL_NULL_CONVERSION = YES;
				CLANG_WARN_OBJC_IMPLICIT_RETAIN_SELF = YES;
				CLANG_WARN_OBJC_LITERAL_CONVERSION = YES;
				CLANG_WARN_OBJC_ROOT_CLASS = YES_ERROR;
				CLANG_WARN_QUOTED_INCLUDE_IN_FRAMEWORK_HEADER = YES;
				CLANG_WARN_RANGE_LOOP_ANALYSIS = YES;
				CLANG_WARN_STRICT_PROTOTYPES = YES;
				CLANG_WARN_SUSPICIOUS_MOVE = YES;
				CLANG_WARN_UNGUARDED_AVAILABILITY = YES_AGGRESSIVE;
				CLANG_WARN_UNREACHABLE_CODE = YES;
				CLANG_WARN__DUPLICATE_METHOD_MATCH = YES;
				COPY_PHASE_STRIP = NO;
				DEBUG_INFORMATION_FORMAT = dwarf;
				ENABLE_STRICT_OBJC_MSGSEND = YES;
				ENABLE_TESTABILITY = YES;
				GCC_C_LANGUAGE_STANDARD = gnu11;
				GCC_DYNAMIC_NO_PIC = NO;
				GCC_NO_COMMON_BLOCKS = YES;
				GCC_OPTIMIZATION_LEVEL = 0;
				GCC_PREPROCESSOR_DEFINITIONS = (
					"DEBUG=1",
					"$(inherited)",
				);
				GCC_WARN_64_TO_32_BIT_CONVERSION = YES;
				GCC_WARN_ABOUT_RETURN_TYPE = YES_ERROR;
				GCC_WARN_UNDECLARED_SELECTOR = YES;
				GCC_WARN_UNINITIALIZED_AUTOS = YES_AGGRESSIVE;
				GCC_WARN_UNUSED_FUNCTION = YES;
				GCC_WARN_UNUSED_VARIABLE = YES;
				IPHONEOS_DEPLOYMENT_TARGET = 16.2;
				MTL_ENABLE_DEBUG_INFO = INCLUDE_SOURCE;
				MTL_FAST_MATH = YES;
				ONLY_ACTIVE_ARCH = YES;
				SDKROOT = iphoneos;
				SWIFT_ACTIVE_COMPILATION_CONDITIONS = DEBUG;
				SWIFT_OPTIMIZATION_LEVEL = "-Onone";
			};
			name = Debug;
		};
		B68511922CAB40F50063676A /* Release */ = {
			isa = XCBuildConfiguration;
			buildSettings = {
				ALWAYS_SEARCH_USER_PATHS = NO;
				CLANG_ANALYZER_NONNULL = YES;
				CLANG_ANALYZER_NUMBER_OBJECT_CONVERSION = YES_AGGRESSIVE;
				CLANG_CXX_LANGUAGE_STANDARD = "gnu++20";
				CLANG_ENABLE_MODULES = YES;
				CLANG_ENABLE_OBJC_ARC = YES;
				CLANG_ENABLE_OBJC_WEAK = YES;
				CLANG_WARN_BLOCK_CAPTURE_AUTORELEASING = YES;
				CLANG_WARN_BOOL_CONVERSION = YES;
				CLANG_WARN_COMMA = YES;
				CLANG_WARN_CONSTANT_CONVERSION = YES;
				CLANG_WARN_DEPRECATED_OBJC_IMPLEMENTATIONS = YES;
				CLANG_WARN_DIRECT_OBJC_ISA_USAGE = YES_ERROR;
				CLANG_WARN_DOCUMENTATION_COMMENTS = YES;
				CLANG_WARN_EMPTY_BODY = YES;
				CLANG_WARN_ENUM_CONVERSION = YES;
				CLANG_WARN_INFINITE_RECURSION = YES;
				CLANG_WARN_INT_CONVERSION = YES;
				CLANG_WARN_NON_LITERAL_NULL_CONVERSION = YES;
				CLANG_WARN_OBJC_IMPLICIT_RETAIN_SELF = YES;
				CLANG_WARN_OBJC_LITERAL_CONVERSION = YES;
				CLANG_WARN_OBJC_ROOT_CLASS = YES_ERROR;
				CLANG_WARN_QUOTED_INCLUDE_IN_FRAMEWORK_HEADER = YES;
				CLANG_WARN_RANGE_LOOP_ANALYSIS = YES;
				CLANG_WARN_STRICT_PROTOTYPES = YES;
				CLANG_WARN_SUSPICIOUS_MOVE = YES;
				CLANG_WARN_UNGUARDED_AVAILABILITY = YES_AGGRESSIVE;
				CLANG_WARN_UNREACHABLE_CODE = YES;
				CLANG_WARN__DUPLICATE_METHOD_MATCH = YES;
				COPY_PHASE_STRIP = NO;
				DEBUG_INFORMATION_FORMAT = "dwarf-with-dsym";
				ENABLE_NS_ASSERTIONS = NO;
				ENABLE_STRICT_OBJC_MSGSEND = YES;
				GCC_C_LANGUAGE_STANDARD = gnu11;
				GCC_NO_COMMON_BLOCKS = YES;
				GCC_WARN_64_TO_32_BIT_CONVERSION = YES;
				GCC_WARN_ABOUT_RETURN_TYPE = YES_ERROR;
				GCC_WARN_UNDECLARED_SELECTOR = YES;
				GCC_WARN_UNINITIALIZED_AUTOS = YES_AGGRESSIVE;
				GCC_WARN_UNUSED_FUNCTION = YES;
				GCC_WARN_UNUSED_VARIABLE = YES;
				IPHONEOS_DEPLOYMENT_TARGET = 16.2;
				MTL_ENABLE_DEBUG_INFO = NO;
				MTL_FAST_MATH = YES;
				SDKROOT = iphoneos;
				SWIFT_COMPILATION_MODE = wholemodule;
				SWIFT_OPTIMIZATION_LEVEL = "-O";
				VALIDATE_PRODUCT = YES;
			};
			name = Release;
		};
		B68511942CAB40F50063676A /* Debug */ = {
			isa = XCBuildConfiguration;
			buildSettings = {
				ASSETCATALOG_COMPILER_APPICON_NAME = AppIcon;
				ASSETCATALOG_COMPILER_GLOBAL_ACCENT_COLOR_NAME = AccentColor;
				CODE_SIGN_STYLE = Automatic;
				CURRENT_PROJECT_VERSION = 1;
				GENERATE_INFOPLIST_FILE = YES;
				INFOPLIST_FILE = "Hello Chat Application/Info.plist";
				INFOPLIST_KEY_UIApplicationSupportsIndirectInputEvents = YES;
				INFOPLIST_KEY_UILaunchStoryboardName = LaunchScreen;
				INFOPLIST_KEY_UIMainStoryboardFile = Main;
				INFOPLIST_KEY_UISupportedInterfaceOrientations_iPad = "UIInterfaceOrientationPortrait UIInterfaceOrientationPortraitUpsideDown UIInterfaceOrientationLandscapeLeft UIInterfaceOrientationLandscapeRight";
				INFOPLIST_KEY_UISupportedInterfaceOrientations_iPhone = "UIInterfaceOrientationPortrait UIInterfaceOrientationLandscapeLeft UIInterfaceOrientationLandscapeRight";
				LD_RUNPATH_SEARCH_PATHS = (
					"$(inherited)",
					"@executable_path/Frameworks",
				);
				MARKETING_VERSION = 1.0;
				PRODUCT_BUNDLE_IDENTIFIER = "com.first.Hello-Chat-Application";
				PRODUCT_NAME = "$(TARGET_NAME)";
				SWIFT_EMIT_LOC_STRINGS = YES;
				SWIFT_VERSION = 5.0;
				TARGETED_DEVICE_FAMILY = "1,2";
			};
			name = Debug;
		};
		B68511952CAB40F50063676A /* Release */ = {
			isa = XCBuildConfiguration;
			buildSettings = {
				ASSETCATALOG_COMPILER_APPICON_NAME = AppIcon;
				ASSETCATALOG_COMPILER_GLOBAL_ACCENT_COLOR_NAME = AccentColor;
				CODE_SIGN_STYLE = Automatic;
				CURRENT_PROJECT_VERSION = 1;
				GENERATE_INFOPLIST_FILE = YES;
				INFOPLIST_FILE = "Hello Chat Application/Info.plist";
				INFOPLIST_KEY_UIApplicationSupportsIndirectInputEvents = YES;
				INFOPLIST_KEY_UILaunchStoryboardName = LaunchScreen;
				INFOPLIST_KEY_UIMainStoryboardFile = Main;
				INFOPLIST_KEY_UISupportedInterfaceOrientations_iPad = "UIInterfaceOrientationPortrait UIInterfaceOrientationPortraitUpsideDown UIInterfaceOrientationLandscapeLeft UIInterfaceOrientationLandscapeRight";
				INFOPLIST_KEY_UISupportedInterfaceOrientations_iPhone = "UIInterfaceOrientationPortrait UIInterfaceOrientationLandscapeLeft UIInterfaceOrientationLandscapeRight";
				LD_RUNPATH_SEARCH_PATHS = (
					"$(inherited)",
					"@executable_path/Frameworks",
				);
				MARKETING_VERSION = 1.0;
				PRODUCT_BUNDLE_IDENTIFIER = "com.first.Hello-Chat-Application";
				PRODUCT_NAME = "$(TARGET_NAME)";
				SWIFT_EMIT_LOC_STRINGS = YES;
				SWIFT_VERSION = 5.0;
				TARGETED_DEVICE_FAMILY = "1,2";
			};
			name = Release;
		};
		B68511972CAB40F50063676A /* Debug */ = {
			isa = XCBuildConfiguration;
			buildSettings = {
				ALWAYS_EMBED_SWIFT_STANDARD_LIBRARIES = YES;
				BUNDLE_LOADER = "$(TEST_HOST)";
				CODE_SIGN_STYLE = Automatic;
				CURRENT_PROJECT_VERSION = 1;
				GENERATE_INFOPLIST_FILE = YES;
				IPHONEOS_DEPLOYMENT_TARGET = 16.2;
				MARKETING_VERSION = 1.0;
				PRODUCT_BUNDLE_IDENTIFIER = "com.first.Hello-Chat-ApplicationTests";
				PRODUCT_NAME = "$(TARGET_NAME)";
				SWIFT_EMIT_LOC_STRINGS = NO;
				SWIFT_VERSION = 5.0;
				TARGETED_DEVICE_FAMILY = "1,2";
				TEST_HOST = "$(BUILT_PRODUCTS_DIR)/Hello Chat Application.app/$(BUNDLE_EXECUTABLE_FOLDER_PATH)/Hello Chat Application";
			};
			name = Debug;
		};
		B68511982CAB40F50063676A /* Release */ = {
			isa = XCBuildConfiguration;
			buildSettings = {
				ALWAYS_EMBED_SWIFT_STANDARD_LIBRARIES = YES;
				BUNDLE_LOADER = "$(TEST_HOST)";
				CODE_SIGN_STYLE = Automatic;
				CURRENT_PROJECT_VERSION = 1;
				GENERATE_INFOPLIST_FILE = YES;
				IPHONEOS_DEPLOYMENT_TARGET = 16.2;
				MARKETING_VERSION = 1.0;
				PRODUCT_BUNDLE_IDENTIFIER = "com.first.Hello-Chat-ApplicationTests";
				PRODUCT_NAME = "$(TARGET_NAME)";
				SWIFT_EMIT_LOC_STRINGS = NO;
				SWIFT_VERSION = 5.0;
				TARGETED_DEVICE_FAMILY = "1,2";
				TEST_HOST = "$(BUILT_PRODUCTS_DIR)/Hello Chat Application.app/$(BUNDLE_EXECUTABLE_FOLDER_PATH)/Hello Chat Application";
			};
			name = Release;
		};
		B685119A2CAB40F50063676A /* Debug */ = {
			isa = XCBuildConfiguration;
			buildSettings = {
				ALWAYS_EMBED_SWIFT_STANDARD_LIBRARIES = YES;
				CODE_SIGN_STYLE = Automatic;
				CURRENT_PROJECT_VERSION = 1;
				GENERATE_INFOPLIST_FILE = YES;
				MARKETING_VERSION = 1.0;
				PRODUCT_BUNDLE_IDENTIFIER = "com.first.Hello-Chat-ApplicationUITests";
				PRODUCT_NAME = "$(TARGET_NAME)";
				SWIFT_EMIT_LOC_STRINGS = NO;
				SWIFT_VERSION = 5.0;
				TARGETED_DEVICE_FAMILY = "1,2";
				TEST_TARGET_NAME = "Hello Chat Application";
			};
			name = Debug;
		};
		B685119B2CAB40F50063676A /* Release */ = {
			isa = XCBuildConfiguration;
			buildSettings = {
				ALWAYS_EMBED_SWIFT_STANDARD_LIBRARIES = YES;
				CODE_SIGN_STYLE = Automatic;
				CURRENT_PROJECT_VERSION = 1;
				GENERATE_INFOPLIST_FILE = YES;
				MARKETING_VERSION = 1.0;
				PRODUCT_BUNDLE_IDENTIFIER = "com.first.Hello-Chat-ApplicationUITests";
				PRODUCT_NAME = "$(TARGET_NAME)";
				SWIFT_EMIT_LOC_STRINGS = NO;
				SWIFT_VERSION = 5.0;
				TARGETED_DEVICE_FAMILY = "1,2";
				TEST_TARGET_NAME = "Hello Chat Application";
			};
			name = Release;
		};
/* End XCBuildConfiguration section */

/* Begin XCConfigurationList section */
		B68511612CAB40ED0063676A /* Build configuration list for PBXProject "Hello Chat Application" */ = {
			isa = XCConfigurationList;
			buildConfigurations = (
				B68511912CAB40F50063676A /* Debug */,
				B68511922CAB40F50063676A /* Release */,
			);
			defaultConfigurationIsVisible = 0;
			defaultConfigurationName = Release;
		};
		B68511932CAB40F50063676A /* Build configuration list for PBXNativeTarget "Hello Chat Application" */ = {
			isa = XCConfigurationList;
			buildConfigurations = (
				B68511942CAB40F50063676A /* Debug */,
				B68511952CAB40F50063676A /* Release */,
			);
			defaultConfigurationIsVisible = 0;
			defaultConfigurationName = Release;
		};
		B68511962CAB40F50063676A /* Build configuration list for PBXNativeTarget "Hello Chat ApplicationTests" */ = {
			isa = XCConfigurationList;
			buildConfigurations = (
				B68511972CAB40F50063676A /* Debug */,
				B68511982CAB40F50063676A /* Release */,
			);
			defaultConfigurationIsVisible = 0;
			defaultConfigurationName = Release;
		};
		B68511992CAB40F50063676A /* Build configuration list for PBXNativeTarget "Hello Chat ApplicationUITests" */ = {
			isa = XCConfigurationList;
			buildConfigurations = (
				B685119A2CAB40F50063676A /* Debug */,
				B685119B2CAB40F50063676A /* Release */,
			);
			defaultConfigurationIsVisible = 0;
			defaultConfigurationName = Release;
		};
/* End XCConfigurationList section */

/* Begin XCRemoteSwiftPackageReference section */
		B68511B62CADCA090063676A /* XCRemoteSwiftPackageReference "firebase-ios-sdk" */ = {
			isa = XCRemoteSwiftPackageReference;
			repositoryURL = "https://github.com/firebase/firebase-ios-sdk";
			requirement = {
				kind = upToNextMajorVersion;
				minimumVersion = 9.0.0;
			};
		};
/* End XCRemoteSwiftPackageReference section */

/* Begin XCSwiftPackageProductDependency section */
		B68511B72CADCA090063676A /* FirebaseAuth */ = {
			isa = XCSwiftPackageProductDependency;
			package = B68511B62CADCA090063676A /* XCRemoteSwiftPackageReference "firebase-ios-sdk" */;
			productName = FirebaseAuth;
		};
		B68511B92CADCA090063676A /* FirebaseCrashlytics */ = {
			isa = XCSwiftPackageProductDependency;
			package = B68511B62CADCA090063676A /* XCRemoteSwiftPackageReference "firebase-ios-sdk" */;
			productName = FirebaseCrashlytics;
		};
		B68511BB2CADCA090063676A /* FirebaseDatabase */ = {
			isa = XCSwiftPackageProductDependency;
			package = B68511B62CADCA090063676A /* XCRemoteSwiftPackageReference "firebase-ios-sdk" */;
			productName = FirebaseDatabase;
		};
		B68511BD2CADCA090063676A /* FirebaseDatabaseSwift */ = {
			isa = XCSwiftPackageProductDependency;
			package = B68511B62CADCA090063676A /* XCRemoteSwiftPackageReference "firebase-ios-sdk" */;
			productName = FirebaseDatabaseSwift;
		};
		B68511BF2CADCA090063676A /* FirebaseFirestore */ = {
			isa = XCSwiftPackageProductDependency;
			package = B68511B62CADCA090063676A /* XCRemoteSwiftPackageReference "firebase-ios-sdk" */;
			productName = FirebaseFirestore;
		};
		B68511C12CADCA090063676A /* FirebaseInAppMessaging-Beta */ = {
			isa = XCSwiftPackageProductDependency;
			package = B68511B62CADCA090063676A /* XCRemoteSwiftPackageReference "firebase-ios-sdk" */;
			productName = "FirebaseInAppMessaging-Beta";
		};
		B68511C32CADCA090063676A /* FirebaseInAppMessagingSwift-Beta */ = {
			isa = XCSwiftPackageProductDependency;
			package = B68511B62CADCA090063676A /* XCRemoteSwiftPackageReference "firebase-ios-sdk" */;
			productName = "FirebaseInAppMessagingSwift-Beta";
		};
		B68511C52CADCA090063676A /* FirebaseMessaging */ = {
			isa = XCSwiftPackageProductDependency;
			package = B68511B62CADCA090063676A /* XCRemoteSwiftPackageReference "firebase-ios-sdk" */;
			productName = FirebaseMessaging;
		};
		B68511C72CADCA090063676A /* FirebasePerformance */ = {
			isa = XCSwiftPackageProductDependency;
			package = B68511B62CADCA090063676A /* XCRemoteSwiftPackageReference "firebase-ios-sdk" */;
			productName = FirebasePerformance;
		};
		B68511C92CADCA090063676A /* FirebaseStorage */ = {
			isa = XCSwiftPackageProductDependency;
			package = B68511B62CADCA090063676A /* XCRemoteSwiftPackageReference "firebase-ios-sdk" */;
			productName = FirebaseStorage;
		};
/* End XCSwiftPackageProductDependency section */

/* Begin XCVersionGroup section */
		B68511722CAB40EE0063676A /* Hello_Chat_Application.xcdatamodeld */ = {
			isa = XCVersionGroup;
			children = (
				B68511732CAB40EE0063676A /* Hello_Chat_Application.xcdatamodel */,
			);
			currentVersion = B68511732CAB40EE0063676A /* Hello_Chat_Application.xcdatamodel */;
			path = Hello_Chat_Application.xcdatamodeld;
			sourceTree = "<group>";
			versionGroupType = wrapper.xcdatamodel;
		};
/* End XCVersionGroup section */
	};
	rootObject = B685115E2CAB40ED0063676A /* Project object */;
}
